
Microsoft Visual Studio Solution File, Format Version 12.00
# Visual Studio 2013
VisualStudioVersion = 12.0.31101.0
MinimumVisualStudioVersion = 10.0.40219.1
Project("{2150E333-8FDC-42A3-9474-1A3956D46DE8}") = "D. Font and Text", "D. Font and Text", "{4D462F00-079A-4346-9DEA-82163A24F4BF}"
EndProject
Project("{FAE04EC0-301F-11D3-BF4B-00C04F79EFBC}") = "D.01. Plain and Bounded Text", "D.FontAndText\D.01.PlainAndBoundedText\D.01. Plain and Bounded Text.csproj", "{DF3B217F-9AC5-48A7-857B-F450D82A29DE}"
EndProject
Project("{FAE04EC0-301F-11D3-BF4B-00C04F79EFBC}") = "D.02. Font Loading and Text Measuring", "D.FontAndText\D.02.FontLoadingandTextMeasuring\D.02. Font Loading and Text Measuring.csproj", "{CAA5B10E-8F0E-4A4D-A263-B3B1D94573E8}"
EndProject
Project("{FAE04EC0-301F-11D3-BF4B-00C04F79EFBC}") = "D.03. Art Text", "D.FontAndText\D.03.ArtText\D.03. Art Text.csproj", "{7EACECD5-9967-4BED-929D-B3355C423BF5}"
EndProject
Project("{FAE04EC0-301F-11D3-BF4B-00C04F79EFBC}") = "D.04. Double Path Text", "D.FontAndText\D.04.DoublePathText\D.04. Double Path Text.csproj", "{81558DE8-362C-448E-BA6E-C01746A7A600}"
EndProject
Project("{FAE04EC0-301F-11D3-BF4B-00C04F79EFBC}") = "D.05. Watermark", "D.FontAndText\D.05.Watermark\D.05. Watermark.csproj", "{1499DB6F-3487-4AB6-A9DF-0C6831D5CD89}"
EndProject
Project("{FAE04EC0-301F-11D3-BF4B-00C04F79EFBC}") = "D.06. PDF and EPS Output", "D.FontAndText\D.06.PDFAndEPSOutput\D.06. PDF and EPS Output.csproj", "{C9CEAC42-56E0-41A2-8774-E25E6FF1DE37}"
EndProject
Project("{2150E333-8FDC-42A3-9474-1A3956D46DE8}") = "H. Green Screen Removal", "H. Green Screen Removal", "{CF13A162-B3F2-4F6F-895A-0A669E1DA48D}"
EndProject
Project("{FAE04EC0-301F-11D3-BF4B-00C04F79EFBC}") = "H.01. Green Screen Removal", "H.GreenScreenRemoval\H.01.GreenScreenRemoval\H.01. Green Screen Removal.csproj", "{B4F5A5F7-3A4D-4A75-942B-25AAACBBF8F1}"
EndProject
Project("{2150E333-8FDC-42A3-9474-1A3956D46DE8}") = "E. Color Management", "E. Color Management", "{ACDCBCB4-33C6-429E-BE96-491A15594D81}"
EndProject
Project("{2150E333-8FDC-42A3-9474-1A3956D46DE8}") = "C. Drawing", "C. Drawing", "{58D52E71-AE80-4A68-84DF-3D6E2874492D}"
EndProject
Project("{2150E333-8FDC-42A3-9474-1A3956D46DE8}") = "G. Large Images (Memory-Friendly Pipeline API)", "G. Large Images (Memory-Friendly Pipeline API)", "{4CFCA52A-E98F-4D58-8998-3AD97239CE76}"
EndProject
Project("{FAE04EC0-301F-11D3-BF4B-00C04F79EFBC}") = "G.04. Multiple Receivers", "G.LargeImages\G.04.MultipleReceivers\G.04. Multiple Receivers.csproj", "{23E91F5B-DE57-46BD-B4BC-6ECFF64A10C2}"
EndProject
Project("{FAE04EC0-301F-11D3-BF4B-00C04F79EFBC}") = "G.03. Pipeline API Syntax", "G.LargeImages\G.03.PipelineAPISyntax\G.03. Pipeline API Syntax.csproj", "{B6DC8961-7BB7-4366-BC04-8559AC50C3E9}"
EndProject
Project("{FAE04EC0-301F-11D3-BF4B-00C04F79EFBC}") = "G.06. Progress and Cancel", "G.LargeImages\G.06.ProgressAndCancel\G.06. Progress and Cancel.csproj", "{D6551016-86BB-4D1F-98F5-E85E660ED0E0}"
EndProject
Project("{FAE04EC0-301F-11D3-BF4B-00C04F79EFBC}") = "G.02. Drawing", "G.LargeImages\G.02.Drawing\G.02. Drawing.csproj", "{0B03A642-7A07-4024-BFBF-15AF3ABEDDF0}"
EndProject
Project("{FAE04EC0-301F-11D3-BF4B-00C04F79EFBC}") = "G.07. Split Image into Tiles", "G.LargeImages\G.07.SplitImageIntoTiles\G.07. Split Image into Tiles.csproj", "{772CC333-9FC2-46C8-AF45-5C694AC7F2D5}"
EndProject
Project("{FAE04EC0-301F-11D3-BF4B-00C04F79EFBC}") = "G.05. Multiple Sources", "G.LargeImages\G.05.MultipleSources\G.05. Multiple Sources.csproj", "{0D24A8B6-079E-44E9-B232-50FC0E3B191B}"
EndProject
Project("{FAE04EC0-301F-11D3-BF4B-00C04F79EFBC}") = "C.04. Clipping Path", "C.Drawing\C.04.ClippingPath\C.04. Clipping Path.csproj", "{EA12B5F8-B5B5-4B28-93EB-F048FB762EFE}"
EndProject
Project("{FAE04EC0-301F-11D3-BF4B-00C04F79EFBC}") = "E.01. Converting Pixel Formats", "E.ColorManagement\E.01.ConvertingPixelFormats\E.01. Converting Pixel Formats.csproj", "{626A647A-4B30-4073-B3F5-E5577FD0E93D}"
EndProject
Project("{FAE04EC0-301F-11D3-BF4B-00C04F79EFBC}") = "E.02. CMYK, Grayscale to RGB", "E.ColorManagement\E.02.CMYKGrayscaleToRGB\E.02. CMYK, Grayscale to RGB.csproj", "{4733B27A-F343-4178-A602-C5D6FF55ED2D}"
EndProject
Project("{FAE04EC0-301F-11D3-BF4B-00C04F79EFBC}") = "E.03. RGB to CMYK", "E.ColorManagement\E.03.RGBToCMYK\E.03. RGB to CMYK.csproj", "{F5BCF8F6-5B81-4E18-9E0A-117EA7A4D971}"
EndProject
Project("{FAE04EC0-301F-11D3-BF4B-00C04F79EFBC}") = "E.04. Color Profile", "E.ColorManagement\E.04.ColorProfile\E.04. Color Profile.csproj", "{907AFC38-BCFA-4AFA-8E66-EB4BB2FD44CF}"
EndProject
Project("{FAE04EC0-301F-11D3-BF4B-00C04F79EFBC}") = "E.05. Color Management Engines", "E.ColorManagement\E.05.ColorManagementEngines\E.05. Color Management Engines.csproj", "{163178A7-8E6D-4B83-BA63-92F25C681C90}"
EndProject
Project("{FAE04EC0-301F-11D3-BF4B-00C04F79EFBC}") = "C.01. Line, Rectangle, Ellipse", "C.Drawing\C.01.LineRectangleEllipse\C.01. Line, Rectangle, Ellipse.csproj", "{96C7511F-5F2D-4EE3-A178-252BAB87E5C8}"
EndProject
Project("{FAE04EC0-301F-11D3-BF4B-00C04F79EFBC}") = "C.03. Graphics Path", "C.Drawing\C.03.GraphicsPath\C.03. Graphics Path.csproj", "{3A1F1FA1-1511-4AC6-B618-F773B37306A2}"
EndProject
Project("{FAE04EC0-301F-11D3-BF4B-00C04F79EFBC}") = "C.05. Draw Image", "C.Drawing\C.05.DrawImage\C.05. Draw Image.csproj", "{02A00081-65D4-47D1-A590-BB8B4169031B}"
EndProject
Project("{2150E333-8FDC-42A3-9474-1A3956D46DE8}") = "A. Load and Save", "A. Load and Save", "{42B7B242-9DFF-46CA-A770-034930379E1C}"
EndProject
Project("{2150E333-8FDC-42A3-9474-1A3956D46DE8}") = "B. Filters and Transforms", "B. Filters and Transforms", "{5A203899-AC20-4D78-8BD5-A370D165B490}"
EndProject
Project("{2150E333-8FDC-42A3-9474-1A3956D46DE8}") = "F. Metadata", "F. Metadata", "{04CBD56E-5D05-44FC-B1E9-611F8328E3FD}"
EndProject
Project("{FAE04EC0-301F-11D3-BF4B-00C04F79EFBC}") = "G.01. Resize, Rotate, Crop", "G.LargeImages\G.01.ResizeRotateCrop\G.01. Resize, Rotate, Crop.csproj", "{2588C715-636C-40C3-892C-08A769D8AF40}"
EndProject
Project("{FAE04EC0-301F-11D3-BF4B-00C04F79EFBC}") = "E.06. Channels", "E.ColorManagement\E.06.Channels\E.06. Channels.csproj", "{2BEB8490-C83E-4D03-9419-7D9D80097AA7}"
EndProject
Project("{2150E333-8FDC-42A3-9474-1A3956D46DE8}") = "I. PSD Format (Adobe Photoshop)", "I. PSD Format (Adobe Photoshop)", "{BF054B8E-C17C-49CA-8F7B-748260E46CF4}"
EndProject
Project("{FAE04EC0-301F-11D3-BF4B-00C04F79EFBC}") = "I.01. Merge and Resize", "I.PSDFormat\I.01.MergeAndResize\I.01. Merge and Resize.csproj", "{B710F853-AD0D-4DA5-A382-A416CFFC41A8}"
EndProject
Project("{FAE04EC0-301F-11D3-BF4B-00C04F79EFBC}") = "C.02. Matrix Transform", "C.Drawing\C.02.MatrixTransform\C.02. Matrix Transform.csproj", "{4273A6C0-17C8-43B0-A4F0-AC948F775DB0}"
EndProject
Project("{FAE04EC0-301F-11D3-BF4B-00C04F79EFBC}") = "F.01. EXIF and IPTC", "F.Metadata\F.01.EXIFAndIPTC\F.01. EXIF and IPTC.csproj", "{3342CA62-79A2-42E0-AB6C-F40C93A71ACD}"
EndProject
Project("{FAE04EC0-301F-11D3-BF4B-00C04F79EFBC}") = "F.02. Thumbnail from EXIF", "F.Metadata\F.02.ThumbnailFromEXIF\F.02. Thumbnail from EXIF.csproj", "{1DE04802-42BA-4A8B-88E8-12FEAC0C892F}"
EndProject
Project("{FAE04EC0-301F-11D3-BF4B-00C04F79EFBC}") = "F.03. XMP", "F.Metadata\F.03.XMP\F.03. XMP.csproj", "{63C6AAEA-C7EB-4C67-9749-3E87A132E00A}"
EndProject
Project("{FAE04EC0-301F-11D3-BF4B-00C04F79EFBC}") = "F.04. Adobe Image Resource Blocks", "F.Metadata\F.04.AdobeImageResourceBlocks\F.04. Adobe Image Resource Blocks.csproj", "{796F6ABF-3C65-41D5-8AB4-6860F9321BD5}"
EndProject
Project("{FAE04EC0-301F-11D3-BF4B-00C04F79EFBC}") = "F.05. Clipping Path", "F.Metadata\F.05.ClippingPath\F.05. Clipping Path.csproj", "{96748880-5887-49D4-82B6-C9856EB2ABD1}"
EndProject
Project("{FAE04EC0-301F-11D3-BF4B-00C04F79EFBC}") = "F.06. Preserving Metadata", "F.Metadata\F.06.PreservingMetadata\F.06. Preserving Metadata.csproj", "{62CE752E-3127-4764-B457-8CEC4E867314}"
EndProject
Project("{FAE04EC0-301F-11D3-BF4B-00C04F79EFBC}") = "A.01. Loading and Saving Images", "A.LoadAndSave\A.01.LoadingAndSavingImages\A.01. Loading and Saving Images.csproj", "{F21AB1D0-39D0-44EE-8578-47B78BC87B2B}"
EndProject
Project("{FAE04EC0-301F-11D3-BF4B-00C04F79EFBC}") = "A.02. JPEG Format", "A.LoadAndSave\A.02.JPEGFormat\A.02. JPEG Format.csproj", "{88FBEA10-B016-4D7B-A729-634365B4E1A8}"
EndProject
Project("{FAE04EC0-301F-11D3-BF4B-00C04F79EFBC}") = "A.03. Lossless JPEG Transforms", "A.LoadAndSave\A.03.LosslessJPEGTransforms\A.03. Lossless JPEG Transforms.csproj", "{58265D5A-1A6A-4688-A113-0830B4D0A015}"
EndProject
Project("{FAE04EC0-301F-11D3-BF4B-00C04F79EFBC}") = "A.04. TIFF Format", "A.LoadAndSave\A.04.TIFFFormat\A.04. TIFF Format.csproj", "{E17167B8-E482-4CE8-9505-8963910FA811}"
EndProject
Project("{FAE04EC0-301F-11D3-BF4B-00C04F79EFBC}") = "A.05. TIFF Extra Channels", "A.LoadAndSave\A.05.TIFFExtraChannels\A.05. TIFF Extra Channels.csproj", "{64B76AEF-9989-427B-B846-FD20788BEABE}"
EndProject
Project("{FAE04EC0-301F-11D3-BF4B-00C04F79EFBC}") = "A.06. PNG Format", "A.LoadAndSave\A.06.PNGFormat\A.06. PNG Format.csproj", "{B324B249-E103-4655-8889-192C544E9675}"
EndProject
Project("{FAE04EC0-301F-11D3-BF4B-00C04F79EFBC}") = "A.07. BMP Format", "A.LoadAndSave\A.07.BMPFormat\A.07. BMP Format.csproj", "{61723AAA-C3A4-45EB-8BDB-9BD328378AF8}"
EndProject
Project("{FAE04EC0-301F-11D3-BF4B-00C04F79EFBC}") = "A.08. GIF Format", "A.LoadAndSave\A.08.GIFFormat\A.08. GIF Format.csproj", "{658A13ED-316D-4902-BCEA-78BB2DEBA4C2}"
EndProject
Project("{FAE04EC0-301F-11D3-BF4B-00C04F79EFBC}") = "A.09. Animated GIF", "A.LoadAndSave\A.09.AnimatedGIF\A.09. Animated GIF.csproj", "{DF2BC21D-CB8C-40BB-B48F-8B660FD1D9E8}"
EndProject
Project("{FAE04EC0-301F-11D3-BF4B-00C04F79EFBC}") = "B.01. Resize", "B.FiltersAndTransforms\B.01.Resize\B.01. Resize.csproj", "{79D31EF4-B6B9-49A3-85AD-56610E61AB38}"
EndProject
Project("{FAE04EC0-301F-11D3-BF4B-00C04F79EFBC}") = "B.02. Rotate, Flip", "B.FiltersAndTransforms\B.02.RotateFlip\B.02. Rotate, Flip.csproj", "{6F601839-60C5-45FB-958F-380BDA01FE16}"
EndProject
Project("{FAE04EC0-301F-11D3-BF4B-00C04F79EFBC}") = "B.03. Crop", "B.FiltersAndTransforms\B.03.Crop\B.03. Crop.csproj", "{088181F3-B9E8-4A72-AFE6-0CEF143E28C8}"
EndProject
Project("{FAE04EC0-301F-11D3-BF4B-00C04F79EFBC}") = "B.04. Brightness, Contrast", "B.FiltersAndTransforms\B.04.BrightnessContrast\B.04. Brightness, Contrast.csproj", "{3B5E0EEE-CFFB-4FE0-AA99-CE08914715CA}"
EndProject
Project("{2150E333-8FDC-42A3-9474-1A3956D46DE8}") = "J. Windows Forms", "J. Windows Forms", "{EC6E30F2-5DF5-46DC-A664-C72E0E504F75}"
EndProject
Project("{FAE04EC0-301F-11D3-BF4B-00C04F79EFBC}") = "J.01. Image Editor", "J.WinForms\J.01.ImageEditor\J.01. Image Editor.csproj", "{4A921488-1187-4495-B03A-E0733B21F3D6}"
EndProject
Project("{FAE04EC0-301F-11D3-BF4B-00C04F79EFBC}") = "J.02. Asynchronous Processing", "J.WinForms\J.02.AsynchronousProcessing\J.02. Asynchronous Processing.csproj", "{AA884757-10BD-4AC1-9B1C-A9C2439A5B42}"
EndProject
Project("{FAE04EC0-301F-11D3-BF4B-00C04F79EFBC}") = "E.07. Converting Color Values", "E.ColorManagement\E.07.ConvertingColorValues\E.07. Converting Color Values.csproj", "{FCD67734-B547-471B-A192-4907D43BD0B8}"
EndProject
Project("{FAE04EC0-301F-11D3-BF4B-00C04F79EFBC}") = "B.05. Autorotate", "B.FiltersAndTransforms\B.05.Autorotate\B.05. Autorotate.csproj", "{0CD626E8-A4C5-4196-896F-285F60FEE28E}"
EndProject
Project("{FAE04EC0-301F-11D3-BF4B-00C04F79EFBC}") = "B.06. Tint", "B.FiltersAndTransforms\B.06.Tint\B.06. Tint.csproj", "{C9A9A7C7-5F76-45A9-BC1D-497AC08C8767}"
EndProject
Project("{FAE04EC0-301F-11D3-BF4B-00C04F79EFBC}") = "A.10. WebP Format", "A.LoadAndSave\A.10.WebPFormat\A.10. WebP Format.csproj", "{59C156C5-D067-4F7F-A50B-618C59A9DC38}"
EndProject
Project("{FAE04EC0-301F-11D3-BF4B-00C04F79EFBC}") = "A.11. RAW Format", "A.LoadAndSave\A.11.RAWFormat\A.11. RAW Format.csproj", "{9A90A883-E8B2-46A8-9092-5E7717F6949B}"
EndProject
Project("{FAE04EC0-301F-11D3-BF4B-00C04F79EFBC}") = "A.12. Extract TIFF Preview from EPS", "A.LoadAndSave\A.12.ExtractTIFFPreviewFromEPS\A.12. Extract TIFF Preview from EPS.csproj", "{55603BA4-D10A-4BC0-86E1-8C54645CCF0E}"
EndProject
Project("{FAE04EC0-301F-11D3-BF4B-00C04F79EFBC}") = "A.13. Writing EPS and PDF", "A.LoadAndSave\A.13.WritingEPSAndPDF\A.13. Writing EPS and PDF.csproj", "{48CA7C48-E9BE-4D1F-923B-19359365FC01}"
EndProject
Project("{FAE04EC0-301F-11D3-BF4B-00C04F79EFBC}") = "I.02. Modify and Merge Layers", "I.PSDFormat\I.02.ModifyAndMergeLayers\I.02. Modify and Merge Layers.csproj", "{66F9F636-D3F8-4B95-9B9F-7789037B1429}"
EndProject
Project("{FAE04EC0-301F-11D3-BF4B-00C04F79EFBC}") = "E.08. Lab Color Space", "E.ColorManagement\E.08.LabColorSpace\E.08. Lab Color Space.csproj", "{B5485BB1-1A37-498C-8F5F-37DCBFF3D810}"
EndProject
Project("{FAE04EC0-301F-11D3-BF4B-00C04F79EFBC}") = "I.03. Curved Text", "I.PSDFormat\I.03.CurvedText\I.03. Curved Text.csproj", "{8AD3848A-D37D-4AC0-AECE-1640D784B3EE}"
EndProject
Project("{FAE04EC0-301F-11D3-BF4B-00C04F79EFBC}") = "B.07. Advanced Tone Correction", "B.FiltersAndTransforms\B.07.AdvancedToneCorrection\B.07. Advanced Tone Correction.csproj", "{82297D6A-F8CD-48AA-8112-91333C10C07F}"
EndProject
Project("{FAE04EC0-301F-11D3-BF4B-00C04F79EFBC}") = "B.08. Color Adjustment", "B.FiltersAndTransforms\B.08.ColorAdjustment\B.08. Color Adjustment.csproj", "{5D42D6B8-7594-4E46-B25C-2C46E54C3A69}"
EndProject
Project("{FAE04EC0-301F-11D3-BF4B-00C04F79EFBC}") = "D.07. Formatted Text", "D.FontAndText\D.07.FormattedText\D.07. Formatted Text.csproj", "{9679DAE0-0580-438A-9733-CA5BDD18CECC}"
EndProject
Project("{FAE04EC0-301F-11D3-BF4B-00C04F79EFBC}") = "B.09. Minimum, Maximum, Median", "B.FiltersAndTransforms\B.09.MinimumMaximumMedian\B.09. Minimum, Maximum, Median.csproj", "{14339BFA-D1F1-40C9-A7EC-3844FA16E43A}"
EndProject
Project("{2150E333-8FDC-42A3-9474-1A3956D46DE8}") = "K. Web", "K. Web", "{2A519D45-8A70-450D-B4E7-96D8556EBA44}"
EndProject
Project("{FAE04EC0-301F-11D3-BF4B-00C04F79EFBC}") = "K.01.AjaxControls", "K.Web\K.01.AjaxControls\K.01.AjaxControls.csproj", "{78A676C2-3D3E-4671-BE28-DFB788010AC8}"
EndProject
Project("{FAE04EC0-301F-11D3-BF4B-00C04F79EFBC}") = "K.02.AjaxVectorObjects", "K.Web\K.02.AjaxVectorObjects\K.02.AjaxVectorObjects.csproj", "{43ECB812-5483-4AF1-BDFE-E297392FFDFD}"
EndProject
Global
	GlobalSection(SolutionConfigurationPlatforms) = preSolution
		Debug|Any CPU = Debug|Any CPU
		Release|Any CPU = Release|Any CPU
	EndGlobalSection
	GlobalSection(ProjectConfigurationPlatforms) = postSolution
		{DF3B217F-9AC5-48A7-857B-F450D82A29DE}.Debug|Any CPU.ActiveCfg = Debug|Any CPU
		{DF3B217F-9AC5-48A7-857B-F450D82A29DE}.Debug|Any CPU.Build.0 = Debug|Any CPU
		{DF3B217F-9AC5-48A7-857B-F450D82A29DE}.Release|Any CPU.ActiveCfg = Release|Any CPU
		{DF3B217F-9AC5-48A7-857B-F450D82A29DE}.Release|Any CPU.Build.0 = Release|Any CPU
		{CAA5B10E-8F0E-4A4D-A263-B3B1D94573E8}.Debug|Any CPU.ActiveCfg = Debug|Any CPU
		{CAA5B10E-8F0E-4A4D-A263-B3B1D94573E8}.Debug|Any CPU.Build.0 = Debug|Any CPU
		{CAA5B10E-8F0E-4A4D-A263-B3B1D94573E8}.Release|Any CPU.ActiveCfg = Release|Any CPU
		{CAA5B10E-8F0E-4A4D-A263-B3B1D94573E8}.Release|Any CPU.Build.0 = Release|Any CPU
		{7EACECD5-9967-4BED-929D-B3355C423BF5}.Debug|Any CPU.ActiveCfg = Debug|Any CPU
		{7EACECD5-9967-4BED-929D-B3355C423BF5}.Debug|Any CPU.Build.0 = Debug|Any CPU
		{7EACECD5-9967-4BED-929D-B3355C423BF5}.Release|Any CPU.ActiveCfg = Release|Any CPU
		{7EACECD5-9967-4BED-929D-B3355C423BF5}.Release|Any CPU.Build.0 = Release|Any CPU
		{81558DE8-362C-448E-BA6E-C01746A7A600}.Debug|Any CPU.ActiveCfg = Debug|Any CPU
		{81558DE8-362C-448E-BA6E-C01746A7A600}.Debug|Any CPU.Build.0 = Debug|Any CPU
		{81558DE8-362C-448E-BA6E-C01746A7A600}.Release|Any CPU.ActiveCfg = Release|Any CPU
		{81558DE8-362C-448E-BA6E-C01746A7A600}.Release|Any CPU.Build.0 = Release|Any CPU
		{1499DB6F-3487-4AB6-A9DF-0C6831D5CD89}.Debug|Any CPU.ActiveCfg = Debug|Any CPU
		{1499DB6F-3487-4AB6-A9DF-0C6831D5CD89}.Debug|Any CPU.Build.0 = Debug|Any CPU
		{1499DB6F-3487-4AB6-A9DF-0C6831D5CD89}.Release|Any CPU.ActiveCfg = Release|Any CPU
		{1499DB6F-3487-4AB6-A9DF-0C6831D5CD89}.Release|Any CPU.Build.0 = Release|Any CPU
		{C9CEAC42-56E0-41A2-8774-E25E6FF1DE37}.Debug|Any CPU.ActiveCfg = Debug|Any CPU
		{C9CEAC42-56E0-41A2-8774-E25E6FF1DE37}.Debug|Any CPU.Build.0 = Debug|Any CPU
		{C9CEAC42-56E0-41A2-8774-E25E6FF1DE37}.Release|Any CPU.ActiveCfg = Release|Any CPU
		{C9CEAC42-56E0-41A2-8774-E25E6FF1DE37}.Release|Any CPU.Build.0 = Release|Any CPU
		{B4F5A5F7-3A4D-4A75-942B-25AAACBBF8F1}.Debug|Any CPU.ActiveCfg = Debug|Any CPU
		{B4F5A5F7-3A4D-4A75-942B-25AAACBBF8F1}.Debug|Any CPU.Build.0 = Debug|Any CPU
		{B4F5A5F7-3A4D-4A75-942B-25AAACBBF8F1}.Release|Any CPU.ActiveCfg = Release|Any CPU
		{B4F5A5F7-3A4D-4A75-942B-25AAACBBF8F1}.Release|Any CPU.Build.0 = Release|Any CPU
		{23E91F5B-DE57-46BD-B4BC-6ECFF64A10C2}.Debug|Any CPU.ActiveCfg = Debug|Any CPU
		{23E91F5B-DE57-46BD-B4BC-6ECFF64A10C2}.Debug|Any CPU.Build.0 = Debug|Any CPU
		{23E91F5B-DE57-46BD-B4BC-6ECFF64A10C2}.Release|Any CPU.ActiveCfg = Release|Any CPU
		{23E91F5B-DE57-46BD-B4BC-6ECFF64A10C2}.Release|Any CPU.Build.0 = Release|Any CPU
		{B6DC8961-7BB7-4366-BC04-8559AC50C3E9}.Debug|Any CPU.ActiveCfg = Debug|Any CPU
		{B6DC8961-7BB7-4366-BC04-8559AC50C3E9}.Debug|Any CPU.Build.0 = Debug|Any CPU
		{B6DC8961-7BB7-4366-BC04-8559AC50C3E9}.Release|Any CPU.ActiveCfg = Release|Any CPU
		{B6DC8961-7BB7-4366-BC04-8559AC50C3E9}.Release|Any CPU.Build.0 = Release|Any CPU
		{D6551016-86BB-4D1F-98F5-E85E660ED0E0}.Debug|Any CPU.ActiveCfg = Debug|Any CPU
		{D6551016-86BB-4D1F-98F5-E85E660ED0E0}.Debug|Any CPU.Build.0 = Debug|Any CPU
		{D6551016-86BB-4D1F-98F5-E85E660ED0E0}.Release|Any CPU.ActiveCfg = Release|Any CPU
		{D6551016-86BB-4D1F-98F5-E85E660ED0E0}.Release|Any CPU.Build.0 = Release|Any CPU
		{0B03A642-7A07-4024-BFBF-15AF3ABEDDF0}.Debug|Any CPU.ActiveCfg = Debug|Any CPU
		{0B03A642-7A07-4024-BFBF-15AF3ABEDDF0}.Debug|Any CPU.Build.0 = Debug|Any CPU
		{0B03A642-7A07-4024-BFBF-15AF3ABEDDF0}.Release|Any CPU.ActiveCfg = Release|Any CPU
		{0B03A642-7A07-4024-BFBF-15AF3ABEDDF0}.Release|Any CPU.Build.0 = Release|Any CPU
		{772CC333-9FC2-46C8-AF45-5C694AC7F2D5}.Debug|Any CPU.ActiveCfg = Debug|Any CPU
		{772CC333-9FC2-46C8-AF45-5C694AC7F2D5}.Debug|Any CPU.Build.0 = Debug|Any CPU
		{772CC333-9FC2-46C8-AF45-5C694AC7F2D5}.Release|Any CPU.ActiveCfg = Release|Any CPU
		{772CC333-9FC2-46C8-AF45-5C694AC7F2D5}.Release|Any CPU.Build.0 = Release|Any CPU
		{0D24A8B6-079E-44E9-B232-50FC0E3B191B}.Debug|Any CPU.ActiveCfg = Debug|Any CPU
		{0D24A8B6-079E-44E9-B232-50FC0E3B191B}.Debug|Any CPU.Build.0 = Debug|Any CPU
		{0D24A8B6-079E-44E9-B232-50FC0E3B191B}.Release|Any CPU.ActiveCfg = Release|Any CPU
		{0D24A8B6-079E-44E9-B232-50FC0E3B191B}.Release|Any CPU.Build.0 = Release|Any CPU
		{EA12B5F8-B5B5-4B28-93EB-F048FB762EFE}.Debug|Any CPU.ActiveCfg = Debug|Any CPU
		{EA12B5F8-B5B5-4B28-93EB-F048FB762EFE}.Debug|Any CPU.Build.0 = Debug|Any CPU
		{EA12B5F8-B5B5-4B28-93EB-F048FB762EFE}.Release|Any CPU.ActiveCfg = Release|Any CPU
		{EA12B5F8-B5B5-4B28-93EB-F048FB762EFE}.Release|Any CPU.Build.0 = Release|Any CPU
		{626A647A-4B30-4073-B3F5-E5577FD0E93D}.Debug|Any CPU.ActiveCfg = Debug|Any CPU
		{626A647A-4B30-4073-B3F5-E5577FD0E93D}.Debug|Any CPU.Build.0 = Debug|Any CPU
		{626A647A-4B30-4073-B3F5-E5577FD0E93D}.Release|Any CPU.ActiveCfg = Release|Any CPU
		{626A647A-4B30-4073-B3F5-E5577FD0E93D}.Release|Any CPU.Build.0 = Release|Any CPU
		{4733B27A-F343-4178-A602-C5D6FF55ED2D}.Debug|Any CPU.ActiveCfg = Debug|Any CPU
		{4733B27A-F343-4178-A602-C5D6FF55ED2D}.Debug|Any CPU.Build.0 = Debug|Any CPU
		{4733B27A-F343-4178-A602-C5D6FF55ED2D}.Release|Any CPU.ActiveCfg = Release|Any CPU
		{4733B27A-F343-4178-A602-C5D6FF55ED2D}.Release|Any CPU.Build.0 = Release|Any CPU
		{F5BCF8F6-5B81-4E18-9E0A-117EA7A4D971}.Debug|Any CPU.ActiveCfg = Debug|Any CPU
		{F5BCF8F6-5B81-4E18-9E0A-117EA7A4D971}.Debug|Any CPU.Build.0 = Debug|Any CPU
		{F5BCF8F6-5B81-4E18-9E0A-117EA7A4D971}.Release|Any CPU.ActiveCfg = Release|Any CPU
		{F5BCF8F6-5B81-4E18-9E0A-117EA7A4D971}.Release|Any CPU.Build.0 = Release|Any CPU
		{907AFC38-BCFA-4AFA-8E66-EB4BB2FD44CF}.Debug|Any CPU.ActiveCfg = Debug|Any CPU
		{907AFC38-BCFA-4AFA-8E66-EB4BB2FD44CF}.Debug|Any CPU.Build.0 = Debug|Any CPU
		{907AFC38-BCFA-4AFA-8E66-EB4BB2FD44CF}.Release|Any CPU.ActiveCfg = Release|Any CPU
		{907AFC38-BCFA-4AFA-8E66-EB4BB2FD44CF}.Release|Any CPU.Build.0 = Release|Any CPU
		{163178A7-8E6D-4B83-BA63-92F25C681C90}.Debug|Any CPU.ActiveCfg = Debug|Any CPU
		{163178A7-8E6D-4B83-BA63-92F25C681C90}.Debug|Any CPU.Build.0 = Debug|Any CPU
		{163178A7-8E6D-4B83-BA63-92F25C681C90}.Release|Any CPU.ActiveCfg = Release|Any CPU
		{163178A7-8E6D-4B83-BA63-92F25C681C90}.Release|Any CPU.Build.0 = Release|Any CPU
		{96C7511F-5F2D-4EE3-A178-252BAB87E5C8}.Debug|Any CPU.ActiveCfg = Debug|Any CPU
		{96C7511F-5F2D-4EE3-A178-252BAB87E5C8}.Debug|Any CPU.Build.0 = Debug|Any CPU
		{96C7511F-5F2D-4EE3-A178-252BAB87E5C8}.Release|Any CPU.ActiveCfg = Release|Any CPU
		{96C7511F-5F2D-4EE3-A178-252BAB87E5C8}.Release|Any CPU.Build.0 = Release|Any CPU
		{3A1F1FA1-1511-4AC6-B618-F773B37306A2}.Debug|Any CPU.ActiveCfg = Debug|Any CPU
		{3A1F1FA1-1511-4AC6-B618-F773B37306A2}.Debug|Any CPU.Build.0 = Debug|Any CPU
		{3A1F1FA1-1511-4AC6-B618-F773B37306A2}.Release|Any CPU.ActiveCfg = Release|Any CPU
		{3A1F1FA1-1511-4AC6-B618-F773B37306A2}.Release|Any CPU.Build.0 = Release|Any CPU
		{02A00081-65D4-47D1-A590-BB8B4169031B}.Debug|Any CPU.ActiveCfg = Debug|Any CPU
		{02A00081-65D4-47D1-A590-BB8B4169031B}.Debug|Any CPU.Build.0 = Debug|Any CPU
		{02A00081-65D4-47D1-A590-BB8B4169031B}.Release|Any CPU.ActiveCfg = Release|Any CPU
		{02A00081-65D4-47D1-A590-BB8B4169031B}.Release|Any CPU.Build.0 = Release|Any CPU
		{2588C715-636C-40C3-892C-08A769D8AF40}.Debug|Any CPU.ActiveCfg = Debug|Any CPU
		{2588C715-636C-40C3-892C-08A769D8AF40}.Debug|Any CPU.Build.0 = Debug|Any CPU
		{2588C715-636C-40C3-892C-08A769D8AF40}.Release|Any CPU.ActiveCfg = Release|Any CPU
		{2588C715-636C-40C3-892C-08A769D8AF40}.Release|Any CPU.Build.0 = Release|Any CPU
		{2BEB8490-C83E-4D03-9419-7D9D80097AA7}.Debug|Any CPU.ActiveCfg = Debug|Any CPU
		{2BEB8490-C83E-4D03-9419-7D9D80097AA7}.Debug|Any CPU.Build.0 = Debug|Any CPU
		{2BEB8490-C83E-4D03-9419-7D9D80097AA7}.Release|Any CPU.ActiveCfg = Release|Any CPU
		{2BEB8490-C83E-4D03-9419-7D9D80097AA7}.Release|Any CPU.Build.0 = Release|Any CPU
		{B710F853-AD0D-4DA5-A382-A416CFFC41A8}.Debug|Any CPU.ActiveCfg = Debug|Any CPU
		{B710F853-AD0D-4DA5-A382-A416CFFC41A8}.Debug|Any CPU.Build.0 = Debug|Any CPU
		{B710F853-AD0D-4DA5-A382-A416CFFC41A8}.Release|Any CPU.ActiveCfg = Release|Any CPU
		{B710F853-AD0D-4DA5-A382-A416CFFC41A8}.Release|Any CPU.Build.0 = Release|Any CPU
		{4273A6C0-17C8-43B0-A4F0-AC948F775DB0}.Debug|Any CPU.ActiveCfg = Debug|Any CPU
		{4273A6C0-17C8-43B0-A4F0-AC948F775DB0}.Debug|Any CPU.Build.0 = Debug|Any CPU
		{4273A6C0-17C8-43B0-A4F0-AC948F775DB0}.Release|Any CPU.ActiveCfg = Release|Any CPU
		{4273A6C0-17C8-43B0-A4F0-AC948F775DB0}.Release|Any CPU.Build.0 = Release|Any CPU
		{3342CA62-79A2-42E0-AB6C-F40C93A71ACD}.Debug|Any CPU.ActiveCfg = Debug|Any CPU
		{3342CA62-79A2-42E0-AB6C-F40C93A71ACD}.Debug|Any CPU.Build.0 = Debug|Any CPU
		{3342CA62-79A2-42E0-AB6C-F40C93A71ACD}.Release|Any CPU.ActiveCfg = Release|Any CPU
		{3342CA62-79A2-42E0-AB6C-F40C93A71ACD}.Release|Any CPU.Build.0 = Release|Any CPU
		{1DE04802-42BA-4A8B-88E8-12FEAC0C892F}.Debug|Any CPU.ActiveCfg = Debug|Any CPU
		{1DE04802-42BA-4A8B-88E8-12FEAC0C892F}.Debug|Any CPU.Build.0 = Debug|Any CPU
		{1DE04802-42BA-4A8B-88E8-12FEAC0C892F}.Release|Any CPU.ActiveCfg = Release|Any CPU
		{1DE04802-42BA-4A8B-88E8-12FEAC0C892F}.Release|Any CPU.Build.0 = Release|Any CPU
		{63C6AAEA-C7EB-4C67-9749-3E87A132E00A}.Debug|Any CPU.ActiveCfg = Debug|Any CPU
		{63C6AAEA-C7EB-4C67-9749-3E87A132E00A}.Debug|Any CPU.Build.0 = Debug|Any CPU
		{63C6AAEA-C7EB-4C67-9749-3E87A132E00A}.Release|Any CPU.ActiveCfg = Release|Any CPU
		{63C6AAEA-C7EB-4C67-9749-3E87A132E00A}.Release|Any CPU.Build.0 = Release|Any CPU
		{796F6ABF-3C65-41D5-8AB4-6860F9321BD5}.Debug|Any CPU.ActiveCfg = Debug|Any CPU
		{796F6ABF-3C65-41D5-8AB4-6860F9321BD5}.Debug|Any CPU.Build.0 = Debug|Any CPU
		{796F6ABF-3C65-41D5-8AB4-6860F9321BD5}.Release|Any CPU.ActiveCfg = Release|Any CPU
		{796F6ABF-3C65-41D5-8AB4-6860F9321BD5}.Release|Any CPU.Build.0 = Release|Any CPU
		{96748880-5887-49D4-82B6-C9856EB2ABD1}.Debug|Any CPU.ActiveCfg = Debug|Any CPU
		{96748880-5887-49D4-82B6-C9856EB2ABD1}.Debug|Any CPU.Build.0 = Debug|Any CPU
		{96748880-5887-49D4-82B6-C9856EB2ABD1}.Release|Any CPU.ActiveCfg = Release|Any CPU
		{96748880-5887-49D4-82B6-C9856EB2ABD1}.Release|Any CPU.Build.0 = Release|Any CPU
		{62CE752E-3127-4764-B457-8CEC4E867314}.Debug|Any CPU.ActiveCfg = Debug|Any CPU
		{62CE752E-3127-4764-B457-8CEC4E867314}.Debug|Any CPU.Build.0 = Debug|Any CPU
		{62CE752E-3127-4764-B457-8CEC4E867314}.Release|Any CPU.ActiveCfg = Release|Any CPU
		{62CE752E-3127-4764-B457-8CEC4E867314}.Release|Any CPU.Build.0 = Release|Any CPU
		{F21AB1D0-39D0-44EE-8578-47B78BC87B2B}.Debug|Any CPU.ActiveCfg = Debug|Any CPU
		{F21AB1D0-39D0-44EE-8578-47B78BC87B2B}.Debug|Any CPU.Build.0 = Debug|Any CPU
		{F21AB1D0-39D0-44EE-8578-47B78BC87B2B}.Release|Any CPU.ActiveCfg = Release|Any CPU
		{F21AB1D0-39D0-44EE-8578-47B78BC87B2B}.Release|Any CPU.Build.0 = Release|Any CPU
		{88FBEA10-B016-4D7B-A729-634365B4E1A8}.Debug|Any CPU.ActiveCfg = Debug|Any CPU
		{88FBEA10-B016-4D7B-A729-634365B4E1A8}.Debug|Any CPU.Build.0 = Debug|Any CPU
		{88FBEA10-B016-4D7B-A729-634365B4E1A8}.Release|Any CPU.ActiveCfg = Release|Any CPU
		{88FBEA10-B016-4D7B-A729-634365B4E1A8}.Release|Any CPU.Build.0 = Release|Any CPU
		{58265D5A-1A6A-4688-A113-0830B4D0A015}.Debug|Any CPU.ActiveCfg = Debug|Any CPU
		{58265D5A-1A6A-4688-A113-0830B4D0A015}.Debug|Any CPU.Build.0 = Debug|Any CPU
		{58265D5A-1A6A-4688-A113-0830B4D0A015}.Release|Any CPU.ActiveCfg = Release|Any CPU
		{58265D5A-1A6A-4688-A113-0830B4D0A015}.Release|Any CPU.Build.0 = Release|Any CPU
		{E17167B8-E482-4CE8-9505-8963910FA811}.Debug|Any CPU.ActiveCfg = Debug|Any CPU
		{E17167B8-E482-4CE8-9505-8963910FA811}.Debug|Any CPU.Build.0 = Debug|Any CPU
		{E17167B8-E482-4CE8-9505-8963910FA811}.Release|Any CPU.ActiveCfg = Release|Any CPU
		{E17167B8-E482-4CE8-9505-8963910FA811}.Release|Any CPU.Build.0 = Release|Any CPU
		{64B76AEF-9989-427B-B846-FD20788BEABE}.Debug|Any CPU.ActiveCfg = Debug|Any CPU
		{64B76AEF-9989-427B-B846-FD20788BEABE}.Debug|Any CPU.Build.0 = Debug|Any CPU
		{64B76AEF-9989-427B-B846-FD20788BEABE}.Release|Any CPU.ActiveCfg = Release|Any CPU
		{64B76AEF-9989-427B-B846-FD20788BEABE}.Release|Any CPU.Build.0 = Release|Any CPU
		{B324B249-E103-4655-8889-192C544E9675}.Debug|Any CPU.ActiveCfg = Debug|Any CPU
		{B324B249-E103-4655-8889-192C544E9675}.Debug|Any CPU.Build.0 = Debug|Any CPU
		{B324B249-E103-4655-8889-192C544E9675}.Release|Any CPU.ActiveCfg = Release|Any CPU
		{B324B249-E103-4655-8889-192C544E9675}.Release|Any CPU.Build.0 = Release|Any CPU
		{61723AAA-C3A4-45EB-8BDB-9BD328378AF8}.Debug|Any CPU.ActiveCfg = Debug|Any CPU
		{61723AAA-C3A4-45EB-8BDB-9BD328378AF8}.Debug|Any CPU.Build.0 = Debug|Any CPU
		{61723AAA-C3A4-45EB-8BDB-9BD328378AF8}.Release|Any CPU.ActiveCfg = Release|Any CPU
		{61723AAA-C3A4-45EB-8BDB-9BD328378AF8}.Release|Any CPU.Build.0 = Release|Any CPU
		{658A13ED-316D-4902-BCEA-78BB2DEBA4C2}.Debug|Any CPU.ActiveCfg = Debug|Any CPU
		{658A13ED-316D-4902-BCEA-78BB2DEBA4C2}.Debug|Any CPU.Build.0 = Debug|Any CPU
		{658A13ED-316D-4902-BCEA-78BB2DEBA4C2}.Release|Any CPU.ActiveCfg = Release|Any CPU
		{658A13ED-316D-4902-BCEA-78BB2DEBA4C2}.Release|Any CPU.Build.0 = Release|Any CPU
		{DF2BC21D-CB8C-40BB-B48F-8B660FD1D9E8}.Debug|Any CPU.ActiveCfg = Debug|Any CPU
		{DF2BC21D-CB8C-40BB-B48F-8B660FD1D9E8}.Debug|Any CPU.Build.0 = Debug|Any CPU
		{DF2BC21D-CB8C-40BB-B48F-8B660FD1D9E8}.Release|Any CPU.ActiveCfg = Release|Any CPU
		{DF2BC21D-CB8C-40BB-B48F-8B660FD1D9E8}.Release|Any CPU.Build.0 = Release|Any CPU
		{79D31EF4-B6B9-49A3-85AD-56610E61AB38}.Debug|Any CPU.ActiveCfg = Debug|Any CPU
		{79D31EF4-B6B9-49A3-85AD-56610E61AB38}.Debug|Any CPU.Build.0 = Debug|Any CPU
		{79D31EF4-B6B9-49A3-85AD-56610E61AB38}.Release|Any CPU.ActiveCfg = Release|Any CPU
		{79D31EF4-B6B9-49A3-85AD-56610E61AB38}.Release|Any CPU.Build.0 = Release|Any CPU
		{6F601839-60C5-45FB-958F-380BDA01FE16}.Debug|Any CPU.ActiveCfg = Debug|Any CPU
		{6F601839-60C5-45FB-958F-380BDA01FE16}.Debug|Any CPU.Build.0 = Debug|Any CPU
		{6F601839-60C5-45FB-958F-380BDA01FE16}.Release|Any CPU.ActiveCfg = Release|Any CPU
		{6F601839-60C5-45FB-958F-380BDA01FE16}.Release|Any CPU.Build.0 = Release|Any CPU
		{088181F3-B9E8-4A72-AFE6-0CEF143E28C8}.Debug|Any CPU.ActiveCfg = Debug|Any CPU
		{088181F3-B9E8-4A72-AFE6-0CEF143E28C8}.Debug|Any CPU.Build.0 = Debug|Any CPU
		{088181F3-B9E8-4A72-AFE6-0CEF143E28C8}.Release|Any CPU.ActiveCfg = Release|Any CPU
		{088181F3-B9E8-4A72-AFE6-0CEF143E28C8}.Release|Any CPU.Build.0 = Release|Any CPU
		{3B5E0EEE-CFFB-4FE0-AA99-CE08914715CA}.Debug|Any CPU.ActiveCfg = Debug|Any CPU
		{3B5E0EEE-CFFB-4FE0-AA99-CE08914715CA}.Debug|Any CPU.Build.0 = Debug|Any CPU
		{3B5E0EEE-CFFB-4FE0-AA99-CE08914715CA}.Release|Any CPU.ActiveCfg = Release|Any CPU
		{3B5E0EEE-CFFB-4FE0-AA99-CE08914715CA}.Release|Any CPU.Build.0 = Release|Any CPU
		{4A921488-1187-4495-B03A-E0733B21F3D6}.Debug|Any CPU.ActiveCfg = Debug|Any CPU
		{4A921488-1187-4495-B03A-E0733B21F3D6}.Debug|Any CPU.Build.0 = Debug|Any CPU
		{4A921488-1187-4495-B03A-E0733B21F3D6}.Release|Any CPU.ActiveCfg = Release|Any CPU
		{4A921488-1187-4495-B03A-E0733B21F3D6}.Release|Any CPU.Build.0 = Release|Any CPU
		{AA884757-10BD-4AC1-9B1C-A9C2439A5B42}.Debug|Any CPU.ActiveCfg = Debug|Any CPU
		{AA884757-10BD-4AC1-9B1C-A9C2439A5B42}.Debug|Any CPU.Build.0 = Debug|Any CPU
		{AA884757-10BD-4AC1-9B1C-A9C2439A5B42}.Release|Any CPU.ActiveCfg = Release|Any CPU
		{AA884757-10BD-4AC1-9B1C-A9C2439A5B42}.Release|Any CPU.Build.0 = Release|Any CPU
		{FCD67734-B547-471B-A192-4907D43BD0B8}.Debug|Any CPU.ActiveCfg = Debug|Any CPU
		{FCD67734-B547-471B-A192-4907D43BD0B8}.Debug|Any CPU.Build.0 = Debug|Any CPU
		{FCD67734-B547-471B-A192-4907D43BD0B8}.Release|Any CPU.ActiveCfg = Release|Any CPU
		{FCD67734-B547-471B-A192-4907D43BD0B8}.Release|Any CPU.Build.0 = Release|Any CPU
		{0CD626E8-A4C5-4196-896F-285F60FEE28E}.Debug|Any CPU.ActiveCfg = Debug|Any CPU
		{0CD626E8-A4C5-4196-896F-285F60FEE28E}.Debug|Any CPU.Build.0 = Debug|Any CPU
		{0CD626E8-A4C5-4196-896F-285F60FEE28E}.Release|Any CPU.ActiveCfg = Release|Any CPU
		{0CD626E8-A4C5-4196-896F-285F60FEE28E}.Release|Any CPU.Build.0 = Release|Any CPU
		{C9A9A7C7-5F76-45A9-BC1D-497AC08C8767}.Debug|Any CPU.ActiveCfg = Debug|Any CPU
		{C9A9A7C7-5F76-45A9-BC1D-497AC08C8767}.Debug|Any CPU.Build.0 = Debug|Any CPU
		{C9A9A7C7-5F76-45A9-BC1D-497AC08C8767}.Release|Any CPU.ActiveCfg = Release|Any CPU
		{C9A9A7C7-5F76-45A9-BC1D-497AC08C8767}.Release|Any CPU.Build.0 = Release|Any CPU
		{59C156C5-D067-4F7F-A50B-618C59A9DC38}.Debug|Any CPU.ActiveCfg = Debug|Any CPU
		{59C156C5-D067-4F7F-A50B-618C59A9DC38}.Debug|Any CPU.Build.0 = Debug|Any CPU
		{59C156C5-D067-4F7F-A50B-618C59A9DC38}.Release|Any CPU.ActiveCfg = Release|Any CPU
		{59C156C5-D067-4F7F-A50B-618C59A9DC38}.Release|Any CPU.Build.0 = Release|Any CPU
		{9A90A883-E8B2-46A8-9092-5E7717F6949B}.Debug|Any CPU.ActiveCfg = Debug|Any CPU
		{9A90A883-E8B2-46A8-9092-5E7717F6949B}.Debug|Any CPU.Build.0 = Debug|Any CPU
		{9A90A883-E8B2-46A8-9092-5E7717F6949B}.Release|Any CPU.ActiveCfg = Release|Any CPU
		{9A90A883-E8B2-46A8-9092-5E7717F6949B}.Release|Any CPU.Build.0 = Release|Any CPU
		{55603BA4-D10A-4BC0-86E1-8C54645CCF0E}.Debug|Any CPU.ActiveCfg = Debug|Any CPU
		{55603BA4-D10A-4BC0-86E1-8C54645CCF0E}.Debug|Any CPU.Build.0 = Debug|Any CPU
		{55603BA4-D10A-4BC0-86E1-8C54645CCF0E}.Release|Any CPU.ActiveCfg = Release|Any CPU
		{55603BA4-D10A-4BC0-86E1-8C54645CCF0E}.Release|Any CPU.Build.0 = Release|Any CPU
		{48CA7C48-E9BE-4D1F-923B-19359365FC01}.Debug|Any CPU.ActiveCfg = Debug|Any CPU
		{48CA7C48-E9BE-4D1F-923B-19359365FC01}.Debug|Any CPU.Build.0 = Debug|Any CPU
		{48CA7C48-E9BE-4D1F-923B-19359365FC01}.Release|Any CPU.ActiveCfg = Release|Any CPU
		{48CA7C48-E9BE-4D1F-923B-19359365FC01}.Release|Any CPU.Build.0 = Release|Any CPU
		{66F9F636-D3F8-4B95-9B9F-7789037B1429}.Debug|Any CPU.ActiveCfg = Debug|Any CPU
		{66F9F636-D3F8-4B95-9B9F-7789037B1429}.Debug|Any CPU.Build.0 = Debug|Any CPU
		{66F9F636-D3F8-4B95-9B9F-7789037B1429}.Release|Any CPU.ActiveCfg = Release|Any CPU
		{66F9F636-D3F8-4B95-9B9F-7789037B1429}.Release|Any CPU.Build.0 = Release|Any CPU
		{B5485BB1-1A37-498C-8F5F-37DCBFF3D810}.Debug|Any CPU.ActiveCfg = Debug|Any CPU
		{B5485BB1-1A37-498C-8F5F-37DCBFF3D810}.Debug|Any CPU.Build.0 = Debug|Any CPU
		{B5485BB1-1A37-498C-8F5F-37DCBFF3D810}.Release|Any CPU.ActiveCfg = Release|Any CPU
		{B5485BB1-1A37-498C-8F5F-37DCBFF3D810}.Release|Any CPU.Build.0 = Release|Any CPU
		{8AD3848A-D37D-4AC0-AECE-1640D784B3EE}.Debug|Any CPU.ActiveCfg = Debug|Any CPU
		{8AD3848A-D37D-4AC0-AECE-1640D784B3EE}.Debug|Any CPU.Build.0 = Debug|Any CPU
		{8AD3848A-D37D-4AC0-AECE-1640D784B3EE}.Release|Any CPU.ActiveCfg = Release|Any CPU
		{8AD3848A-D37D-4AC0-AECE-1640D784B3EE}.Release|Any CPU.Build.0 = Release|Any CPU
		{82297D6A-F8CD-48AA-8112-91333C10C07F}.Debug|Any CPU.ActiveCfg = Debug|Any CPU
		{82297D6A-F8CD-48AA-8112-91333C10C07F}.Debug|Any CPU.Build.0 = Debug|Any CPU
		{82297D6A-F8CD-48AA-8112-91333C10C07F}.Release|Any CPU.ActiveCfg = Release|Any CPU
		{82297D6A-F8CD-48AA-8112-91333C10C07F}.Release|Any CPU.Build.0 = Release|Any CPU
		{5D42D6B8-7594-4E46-B25C-2C46E54C3A69}.Debug|Any CPU.ActiveCfg = Debug|Any CPU
		{5D42D6B8-7594-4E46-B25C-2C46E54C3A69}.Debug|Any CPU.Build.0 = Debug|Any CPU
		{5D42D6B8-7594-4E46-B25C-2C46E54C3A69}.Release|Any CPU.ActiveCfg = Release|Any CPU
		{5D42D6B8-7594-4E46-B25C-2C46E54C3A69}.Release|Any CPU.Build.0 = Release|Any CPU
		{9679DAE0-0580-438A-9733-CA5BDD18CECC}.Debug|Any CPU.ActiveCfg = Debug|Any CPU
		{9679DAE0-0580-438A-9733-CA5BDD18CECC}.Debug|Any CPU.Build.0 = Debug|Any CPU
		{9679DAE0-0580-438A-9733-CA5BDD18CECC}.Release|Any CPU.ActiveCfg = Release|Any CPU
		{9679DAE0-0580-438A-9733-CA5BDD18CECC}.Release|Any CPU.Build.0 = Release|Any CPU
		{14339BFA-D1F1-40C9-A7EC-3844FA16E43A}.Debug|Any CPU.ActiveCfg = Debug|Any CPU
		{14339BFA-D1F1-40C9-A7EC-3844FA16E43A}.Debug|Any CPU.Build.0 = Debug|Any CPU
		{14339BFA-D1F1-40C9-A7EC-3844FA16E43A}.Release|Any CPU.ActiveCfg = Release|Any CPU
		{14339BFA-D1F1-40C9-A7EC-3844FA16E43A}.Release|Any CPU.Build.0 = Release|Any CPU
		{78A676C2-3D3E-4671-BE28-DFB788010AC8}.Debug|Any CPU.ActiveCfg = Debug|Any CPU
		{78A676C2-3D3E-4671-BE28-DFB788010AC8}.Debug|Any CPU.Build.0 = Debug|Any CPU
		{78A676C2-3D3E-4671-BE28-DFB788010AC8}.Release|Any CPU.ActiveCfg = Release|Any CPU
		{78A676C2-3D3E-4671-BE28-DFB788010AC8}.Release|Any CPU.Build.0 = Release|Any CPU
		{43ECB812-5483-4AF1-BDFE-E297392FFDFD}.Debug|Any CPU.ActiveCfg = Debug|Any CPU
		{43ECB812-5483-4AF1-BDFE-E297392FFDFD}.Debug|Any CPU.Build.0 = Debug|Any CPU
		{43ECB812-5483-4AF1-BDFE-E297392FFDFD}.Release|Any CPU.ActiveCfg = Release|Any CPU
		{43ECB812-5483-4AF1-BDFE-E297392FFDFD}.Release|Any CPU.Build.0 = Release|Any CPU
	EndGlobalSection
	GlobalSection(SolutionProperties) = preSolution
		HideSolutionNode = FALSE
	EndGlobalSection
	GlobalSection(NestedProjects) = preSolution
		{DF3B217F-9AC5-48A7-857B-F450D82A29DE} = {4D462F00-079A-4346-9DEA-82163A24F4BF}
		{CAA5B10E-8F0E-4A4D-A263-B3B1D94573E8} = {4D462F00-079A-4346-9DEA-82163A24F4BF}
		{7EACECD5-9967-4BED-929D-B3355C423BF5} = {4D462F00-079A-4346-9DEA-82163A24F4BF}
		{81558DE8-362C-448E-BA6E-C01746A7A600} = {4D462F00-079A-4346-9DEA-82163A24F4BF}
		{1499DB6F-3487-4AB6-A9DF-0C6831D5CD89} = {4D462F00-079A-4346-9DEA-82163A24F4BF}
		{C9CEAC42-56E0-41A2-8774-E25E6FF1DE37} = {4D462F00-079A-4346-9DEA-82163A24F4BF}
		{B4F5A5F7-3A4D-4A75-942B-25AAACBBF8F1} = {CF13A162-B3F2-4F6F-895A-0A669E1DA48D}
		{23E91F5B-DE57-46BD-B4BC-6ECFF64A10C2} = {4CFCA52A-E98F-4D58-8998-3AD97239CE76}
		{B6DC8961-7BB7-4366-BC04-8559AC50C3E9} = {4CFCA52A-E98F-4D58-8998-3AD97239CE76}
		{D6551016-86BB-4D1F-98F5-E85E660ED0E0} = {4CFCA52A-E98F-4D58-8998-3AD97239CE76}
		{0B03A642-7A07-4024-BFBF-15AF3ABEDDF0} = {4CFCA52A-E98F-4D58-8998-3AD97239CE76}
		{772CC333-9FC2-46C8-AF45-5C694AC7F2D5} = {4CFCA52A-E98F-4D58-8998-3AD97239CE76}
		{0D24A8B6-079E-44E9-B232-50FC0E3B191B} = {4CFCA52A-E98F-4D58-8998-3AD97239CE76}
		{EA12B5F8-B5B5-4B28-93EB-F048FB762EFE} = {58D52E71-AE80-4A68-84DF-3D6E2874492D}
		{626A647A-4B30-4073-B3F5-E5577FD0E93D} = {ACDCBCB4-33C6-429E-BE96-491A15594D81}
		{4733B27A-F343-4178-A602-C5D6FF55ED2D} = {ACDCBCB4-33C6-429E-BE96-491A15594D81}
		{F5BCF8F6-5B81-4E18-9E0A-117EA7A4D971} = {ACDCBCB4-33C6-429E-BE96-491A15594D81}
		{907AFC38-BCFA-4AFA-8E66-EB4BB2FD44CF} = {ACDCBCB4-33C6-429E-BE96-491A15594D81}
		{163178A7-8E6D-4B83-BA63-92F25C681C90} = {ACDCBCB4-33C6-429E-BE96-491A15594D81}
		{96C7511F-5F2D-4EE3-A178-252BAB87E5C8} = {58D52E71-AE80-4A68-84DF-3D6E2874492D}
		{3A1F1FA1-1511-4AC6-B618-F773B37306A2} = {58D52E71-AE80-4A68-84DF-3D6E2874492D}
		{02A00081-65D4-47D1-A590-BB8B4169031B} = {58D52E71-AE80-4A68-84DF-3D6E2874492D}
		{2588C715-636C-40C3-892C-08A769D8AF40} = {4CFCA52A-E98F-4D58-8998-3AD97239CE76}
		{2BEB8490-C83E-4D03-9419-7D9D80097AA7} = {ACDCBCB4-33C6-429E-BE96-491A15594D81}
		{B710F853-AD0D-4DA5-A382-A416CFFC41A8} = {BF054B8E-C17C-49CA-8F7B-748260E46CF4}
		{4273A6C0-17C8-43B0-A4F0-AC948F775DB0} = {58D52E71-AE80-4A68-84DF-3D6E2874492D}
		{3342CA62-79A2-42E0-AB6C-F40C93A71ACD} = {04CBD56E-5D05-44FC-B1E9-611F8328E3FD}
		{1DE04802-42BA-4A8B-88E8-12FEAC0C892F} = {04CBD56E-5D05-44FC-B1E9-611F8328E3FD}
		{63C6AAEA-C7EB-4C67-9749-3E87A132E00A} = {04CBD56E-5D05-44FC-B1E9-611F8328E3FD}
		{796F6ABF-3C65-41D5-8AB4-6860F9321BD5} = {04CBD56E-5D05-44FC-B1E9-611F8328E3FD}
		{96748880-5887-49D4-82B6-C9856EB2ABD1} = {04CBD56E-5D05-44FC-B1E9-611F8328E3FD}
		{62CE752E-3127-4764-B457-8CEC4E867314} = {04CBD56E-5D05-44FC-B1E9-611F8328E3FD}
		{F21AB1D0-39D0-44EE-8578-47B78BC87B2B} = {42B7B242-9DFF-46CA-A770-034930379E1C}
		{88FBEA10-B016-4D7B-A729-634365B4E1A8} = {42B7B242-9DFF-46CA-A770-034930379E1C}
		{58265D5A-1A6A-4688-A113-0830B4D0A015} = {42B7B242-9DFF-46CA-A770-034930379E1C}
		{E17167B8-E482-4CE8-9505-8963910FA811} = {42B7B242-9DFF-46CA-A770-034930379E1C}
		{64B76AEF-9989-427B-B846-FD20788BEABE} = {42B7B242-9DFF-46CA-A770-034930379E1C}
		{B324B249-E103-4655-8889-192C544E9675} = {42B7B242-9DFF-46CA-A770-034930379E1C}
		{61723AAA-C3A4-45EB-8BDB-9BD328378AF8} = {42B7B242-9DFF-46CA-A770-034930379E1C}
		{658A13ED-316D-4902-BCEA-78BB2DEBA4C2} = {42B7B242-9DFF-46CA-A770-034930379E1C}
		{DF2BC21D-CB8C-40BB-B48F-8B660FD1D9E8} = {42B7B242-9DFF-46CA-A770-034930379E1C}
		{79D31EF4-B6B9-49A3-85AD-56610E61AB38} = {5A203899-AC20-4D78-8BD5-A370D165B490}
		{6F601839-60C5-45FB-958F-380BDA01FE16} = {5A203899-AC20-4D78-8BD5-A370D165B490}
		{088181F3-B9E8-4A72-AFE6-0CEF143E28C8} = {5A203899-AC20-4D78-8BD5-A370D165B490}
		{3B5E0EEE-CFFB-4FE0-AA99-CE08914715CA} = {5A203899-AC20-4D78-8BD5-A370D165B490}
		{4A921488-1187-4495-B03A-E0733B21F3D6} = {EC6E30F2-5DF5-46DC-A664-C72E0E504F75}
		{AA884757-10BD-4AC1-9B1C-A9C2439A5B42} = {EC6E30F2-5DF5-46DC-A664-C72E0E504F75}
		{FCD67734-B547-471B-A192-4907D43BD0B8} = {ACDCBCB4-33C6-429E-BE96-491A15594D81}
		{0CD626E8-A4C5-4196-896F-285F60FEE28E} = {5A203899-AC20-4D78-8BD5-A370D165B490}
		{C9A9A7C7-5F76-45A9-BC1D-497AC08C8767} = {5A203899-AC20-4D78-8BD5-A370D165B490}
		{59C156C5-D067-4F7F-A50B-618C59A9DC38} = {42B7B242-9DFF-46CA-A770-034930379E1C}
		{9A90A883-E8B2-46A8-9092-5E7717F6949B} = {42B7B242-9DFF-46CA-A770-034930379E1C}
		{55603BA4-D10A-4BC0-86E1-8C54645CCF0E} = {42B7B242-9DFF-46CA-A770-034930379E1C}
		{48CA7C48-E9BE-4D1F-923B-19359365FC01} = {42B7B242-9DFF-46CA-A770-034930379E1C}
		{66F9F636-D3F8-4B95-9B9F-7789037B1429} = {BF054B8E-C17C-49CA-8F7B-748260E46CF4}
		{B5485BB1-1A37-498C-8F5F-37DCBFF3D810} = {ACDCBCB4-33C6-429E-BE96-491A15594D81}
		{8AD3848A-D37D-4AC0-AECE-1640D784B3EE} = {BF054B8E-C17C-49CA-8F7B-748260E46CF4}
		{82297D6A-F8CD-48AA-8112-91333C10C07F} = {5A203899-AC20-4D78-8BD5-A370D165B490}
		{5D42D6B8-7594-4E46-B25C-2C46E54C3A69} = {5A203899-AC20-4D78-8BD5-A370D165B490}
		{9679DAE0-0580-438A-9733-CA5BDD18CECC} = {4D462F00-079A-4346-9DEA-82163A24F4BF}
		{14339BFA-D1F1-40C9-A7EC-3844FA16E43A} = {5A203899-AC20-4D78-8BD5-A370D165B490}
		{78A676C2-3D3E-4671-BE28-DFB788010AC8} = {2A519D45-8A70-450D-B4E7-96D8556EBA44}
		{43ECB812-5483-4AF1-BDFE-E297392FFDFD} = {2A519D45-8A70-450D-B4E7-96D8556EBA44}
	EndGlobalSection
EndGlobal
